
Microsoft Visual Studio Solution File, Format Version 12.00
# Visual Studio Version 16
VisualStudioVersion = 16.0.33214.272
MinimumVisualStudioVersion = 10.0.40219.1
Project("{9A19103F-16F7-4668-BE54-9A1E7A4F7556}") = "Mission4_anorto", "Mission4_anorto\Mission4_anorto.csproj", "{ACD59365-E286-44BD-92AE-21DC10FE5A00}"
EndProject
Global
	GlobalSection(SolutionConfigurationPlatforms) = preSolution
		Debug|Any CPU = Debug|Any CPU
		Release|Any CPU = Release|Any CPU
	EndGlobalSection
	GlobalSection(ProjectConfigurationPlatforms) = postSolution
		{ACD59365-E286-44BD-92AE-21DC10FE5A00}.Debug|Any CPU.ActiveCfg = Debug|Any CPU
		{ACD59365-E286-44BD-92AE-21DC10FE5A00}.Debug|Any CPU.Build.0 = Debug|Any CPU
		{ACD59365-E286-44BD-92AE-21DC10FE5A00}.Release|Any CPU.ActiveCfg = Release|Any CPU
		{ACD59365-E286-44BD-92AE-21DC10FE5A00}.Release|Any CPU.Build.0 = Release|Any CPU
	EndGlobalSection
	GlobalSection(SolutionProperties) = preSolution
		HideSolutionNode = FALSE
	EndGlobalSection
	GlobalSection(ExtensibilityGlobals) = postSolution
		SolutionGuid = {B12BDE93-1ECB-40D5-B5E4-034B319F4612}
	EndGlobalSection
EndGlobal
